{
    "_meta": {
        "hash": {
            "sha256": "620a897529f29db11f402b9130eb82a1846273b03f8c3e3fb62a4af3fd809144"
        },
        "host-environment-markers": {
            "implementation_name": "cpython",
            "implementation_version": "0",
            "os_name": "posix",
            "platform_machine": "x86_64",
            "platform_python_implementation": "CPython",
            "platform_release": "4.13.0-16-generic",
            "platform_system": "Linux",
            "platform_version": "#19-Ubuntu SMP Wed Oct 11 18:35:14 UTC 2017",
            "python_full_version": "2.7.14",
            "python_version": "2.7",
            "sys_platform": "linux2"
        },
        "pipfile-spec": 3,
        "requires": {},
        "sources": [
            {
                "url": "https://pypi.python.org/simple",
                "verify_ssl": true
            }
        ]
    },
    "default": {
        "hupper": {
            "hashes": [
                "sha256:e0dbe89b637b59d82687ba7f74690a0fa37d0f5ca4963cbb9069834ab08272fe",
                "sha256:afb9584fc387c962824627bb243d7d92c276df608a771b17c8b727a7de34920a"
            ],
            "version": "==1.0"
        },
        "ipaddress": {
            "hashes": [
                "sha256:d34cf15d95ce9a734560f7400a8bd2ac2606f378e2a1d0eadbf1c98707e7c74a",
                "sha256:5d8534c8e185f2d8a1fda1ef73f2c8f4b23264e8e30063feeb9511d492a413e1"
            ],
            "version": "==1.0.18"
        },
        "mako": {
            "hashes": [
                "sha256:4e02fde57bd4abb5ec400181e4c314f56ac3e49ba4fb8b0d50bba18cb27d25ae"
            ],
            "version": "==1.0.7"
        },
        "markupsafe": {
            "hashes": [
                "sha256:a6be69091dac236ea9c6bc7d012beab42010fa914c459791d627dad4910eb665"
            ],
            "version": "==1.0"
        },
        "pastedeploy": {
            "hashes": [
                "sha256:39973e73f391335fac8bc8a8a95f7d34a9f42e2775600ce2dc518d93b37ef943",
                "sha256:d5858f89a255e6294e63ed46b73613c56e3b9a2d82a42f1df4d06c8421a9e3cb"
            ],
            "version": "==1.5.2"
        },
        "plaster": {
            "hashes": [
                "sha256:215c921a438b5349931fd7df9a5a11a3572947f20f4bc6dd622ac08f1c3ba249",
                "sha256:8351c7c7efdf33084c1de88dd0f422cbe7342534537b553c49b857b12d98c8c3"
            ],
            "version": "==1.0"
        },
        "plaster-pastedeploy": {
            "hashes": [
                "sha256:1e7b1695a2094d776564931db4351c0ab839077d0bda4e8688db1b04be6b3936",
                "sha256:5b92469d4efb26f3581ea32ecc64a513891693d29639fbd2ab2ec755949f2bd3"
            ],
            "version": "==0.4.1"
        },
        "pygments": {
            "hashes": [
                "sha256:78f3f434bcc5d6ee09020f92ba487f95ba50f1e3ef83ae96b9d5ffa1bab25c5d",
                "sha256:dbae1046def0efb574852fab9e90209b23f556367b5a320c0bcb871c77c3e8cc"
            ],
            "version": "==2.2.0"
        },
        "pyramid": {
            "hashes": [
                "sha256:7da99f42fbc31cb36ae5297091734cab4e27d222da806dd370f3466ea8c6c422",
                "sha256:840f4bbd5994609340de35079da0d1dd94f79942e27818d5d8566f8009fb0b36"
            ],
            "version": "==1.9.1"
        },
        "pyramid-debugtoolbar": {
            "hashes": [
                "sha256:391360cbaf07d27730cdc08b80b919330b0a00c550bc63db9afead3943448aa1",
                "sha256:7f77c1a7e9705b07dcb66ad4aeb92e8a0c5ac073ff766bf9c2f36259fa677f57"
            ],
            "version": "==4.3"
        },
        "pyramid-mako": {
            "hashes": [
                "sha256:6da0987b9874cf53e72139624665a73965bbd7fbde504d1753e4231ce916f3a1"
            ],
            "version": "==1.0.2"
        },
        "repoze.lru": {
            "hashes": [
                "sha256:f77bf0e1096ea445beadd35f3479c5cff2aa1efe604a133e67150bc8630a62ea",
                "sha256:0429a75e19380e4ed50c0694e26ac8819b4ea7851ee1fc7583c8572db80aff77"
            ],
            "version": "==0.7"
        },
        "sqlalchemy": {
            "hashes": [
                "sha256:f1191e29e35b6fe1aef7175a09b1707ebb7bd08d0b17cb0feada76c49e5a2d1e"
            ],
            "version": "==1.1.14"
        },
        "translationstring": {
            "hashes": [
                "sha256:e26c7bf383413234ed442e0980a2ebe192b95e3745288a8fd2805156d27515b4",
                "sha256:4ee44cfa58c52ade8910ea0ebc3d2d84bdcad9fa0422405b1801ec9b9a65b72d"
            ],
            "version": "==1.3"
        },
        "venusian": {
            "hashes": [
                "sha256:757162c5f907e18571b6ab41b7673e5bf18cc8715abf8164292eaef4f1610668",
                "sha256:9902e492c71a89a241a18b2f9950bea7e41d025cc8f3af1ea8d8201346f8577d"
            ],
            "version": "==1.1.0"
        },
        "webob": {
            "hashes": [
                "sha256:0ef6a10fc04a9e699fe0260b3af9b3518e239d35e2942c6fdc2959c193730a2d",
                "sha256:e65ca14b9f5ae5b031988ffc93f8b7f305ddfcf17a4c774ae0db47bcb3b87283"
            ],
            "version": "==1.7.3"
        },
        "zope.deprecation": {
            "hashes": [
                "sha256:c83cfef3085d10dcb07de5a59a2d95713865befa46e0e88784c5648610fba789",
                "sha256:7d52e134bbaaa0d72e1e2bc90f0587f1adc116c4bdf15912afaf2f1e8856b224"
            ],
            "version": "==4.3.0"
        },
        "zope.interface": {
            "hashes": [
                "sha256:9902d5fc11309e17cdce6574243dc114b9c30de5c60ab53c90f6e3e962688565",
                "sha256:4cb1c56b0356da9a33249ef77a688c47107f54191c12a0055d284b6bee7f447e",
                "sha256:ff20038fbc0e7ea050a7e28fcb8ae6ed8378a8d08ac70b848ea39960dda86bbf",
                "sha256:f6868378fffbb8651f1f8a767d17e42aed39926c8f6bb9c56f184022fe6c2090",
                "sha256:a6375035a4b45d199a8b990e3a2f6b71906c318c56dfc14b2d58350b6ca59392",
                "sha256:dec19181cf6af58ccb8ba3fa3ca9d4ec555b2f3cb31f589f6e86d15df0926c31",
                "sha256:b8f3491c9df4f0ffed32b275033e74041f420e5dcdefa4b1500d753c64ef42cf",
                "sha256:5d8813e438ab67a793b09e1223742b757dd95a4a64d466855a53cb113cc9c9c4",
                "sha256:5a8cc535f4212b134e66a3e1c6b93b19d453dbad0e2f89d0df2c01deefc8cad9",
                "sha256:bd626cd76b7e5cbecac9d3e0dd8f98e3eada15ead95713238a523f877327633d",
                "sha256:16fe824b3d93ee0629aa1f04848a1b515d6b5dc9e98cc7a04feaa35fdb0de5f1",
                "sha256:f47d4138405eb67e5f059b9ab74e0a1147adc3277f5fe37d5bae5209b67e89e7",
                "sha256:8dfdc1588db31895f81bcba6c36dc981b4cf4a526c62eae3745bbfbe102477ef",
                "sha256:88e3d54e88a601f45d03e2a062d5d16852d20e0863a92c19260ae72e2586378a",
                "sha256:3d033abd27cd54157cf42a3bfd4d8c28d7fc5c6f775df3332307d2632a79925b",
                "sha256:a21d69de2ee89fc59de93e7a43c0379ecedb5149739ff94e910c2bf0ca18e181",
                "sha256:aef398a5b92e70b8152d2c4850bad0fe185adb50d948f32d0bba5694d82b67c7",
                "sha256:11b068fc9916556f3820f38c2376c28d8e55e4a2c51c34915aaac38b75706d2e",
                "sha256:78321a6c0c8cc6ac928e44ef04d50384bc864a7f5e3c25b84110da2ede83739f",
                "sha256:4be05f79e952793f31a0c2d6a0672c81a3300315da587ce6a590357595217005",
                "sha256:1d954d557b63124a65f2247ac6ed66fa36df18d1e8538d08c9b432e808a634de",
                "sha256:a16a3e07511fb6806bb48c8c661d38cdb91cd4bc6c2b6b0b173e72362ec1ceb4",
                "sha256:d6d26d5dfbfd60c65152938fcb82f949e8dada37c041f72916fef6621ba5c5ce"
            ],
            "version": "==4.4.3"
        }
    },
    "develop": {
        "configparser": {
            "hashes": [
                "sha256:5308b47021bc2340965c371f0f058cc6971a04502638d4244225c49d80db273a"
            ],
            "version": "==3.5.0"
        },
        "enum34": {
            "hashes": [
                "sha256:6bd0f6ad48ec2aa117d3d141940d484deccda84d4fcd884f5c3d93c23ecd8c79",
                "sha256:644837f692e5f550741432dd3f223bbb9852018674981b1664e5dc339387588a",
                "sha256:8ad8c4783bf61ded74527bffb48ed9b54166685e4230386a9ed9b1279e2df5b1",
                "sha256:2d81cbbe0e73112bdfe6ef8576f2238f2ba27dd0d55752a776c41d38b7da2850"
            ],
            "version": "==1.1.6"
        },
        "flake8": {
            "hashes": [
                "sha256:f1a9d8886a9cbefb52485f4f4c770832c7fb569c084a9a314fb1eaa37c0c2c86",
                "sha256:c20044779ff848f67f89c56a0e4624c04298cd476e25253ac0c36f910a1a11d8"
            ],
            "version": "==3.4.1"
        },
        "mccabe": {
            "hashes": [
                "sha256:ab8a6258860da4b6677da4bd2fe5dc2c659cff31b3ee4f7f5d64e79735b80d42",
                "sha256:dd8d182285a0fe56bace7f45b5e7d1a6ebcbf524e8f3bd87eb0f125271b8831f"
            ],
            "version": "==0.6.1"
        },
        "py": {
            "hashes": [
                "sha256:2ccb79b01769d99115aa600d7eed99f524bf752bba8f041dc1c184853514655a",
                "sha256:0f2d585d22050e90c7d293b6451c83db097df77871974d90efd5a30dc12fcde3"
            ],
            "version": "==1.4.34"
        },
        "pycodestyle": {
            "hashes": [
                "sha256:6c4245ade1edfad79c3446fadfc96b0de2759662dc29d07d80a6f27ad1ca6ba9",
                "sha256:682256a5b318149ca0d2a9185d365d8864a768a28db66a84a2ea946bcc426766"
            ],
            "version": "==2.3.1"
        },
        "pyflakes": {
            "hashes": [
                "sha256:cc5eadfb38041f8366128786b4ca12700ed05bbf1403d808e89d57d67a3875a7",
                "sha256:aa0d4dff45c0cc2214ba158d29280f8fa1129f3e87858ef825930845146337f4"
            ],
            "version": "==1.5.0"
        },
        "pytest": {
            "hashes": [
                "sha256:81a25f36a97da3313e1125fce9e7bbbba565bc7fec3c5beb14c262ddab238ac1",
                "sha256:27fa6617efc2869d3e969a3e75ec060375bfb28831ade8b5cdd68da3a741dc3c"
            ],
            "version": "==3.2.3"
        }
    }
}
